
Microsoft Visual Studio Solution File, Format Version 12.00
# Visual Studio Version 17
VisualStudioVersion = 17.3.32901.215
MinimumVisualStudioVersion = 10.0.40219.1
Project("{FAE04EC0-301F-11D3-BF4B-00C04F79EFBC}") = "ConsoleVS", "ConsoleVS\ConsoleVS.csproj", "{2C3ACB6D-233C-401E-B813-D17C373E1DB9}"
EndProject
Project("{FAE04EC0-301F-11D3-BF4B-00C04F79EFBC}") = "ListMaster", "ListMaster\ListMaster.csproj", "{DBDC89F2-8CAE-471D-8C90-BF00A3056540}"
EndProject
Global
	GlobalSection(SolutionConfigurationPlatforms) = preSolution
		Debug|Any CPU = Debug|Any CPU
		Release|Any CPU = Release|Any CPU
	EndGlobalSection
	GlobalSection(ProjectConfigurationPlatforms) = postSolution
		{2C3ACB6D-233C-401E-B813-D17C373E1DB9}.Debug|Any CPU.ActiveCfg = Debug|Any CPU
		{2C3ACB6D-233C-401E-B813-D17C373E1DB9}.Debug|Any CPU.Build.0 = Debug|Any CPU
		{2C3ACB6D-233C-401E-B813-D17C373E1DB9}.Release|Any CPU.ActiveCfg = Release|Any CPU
		{2C3ACB6D-233C-401E-B813-D17C373E1DB9}.Release|Any CPU.Build.0 = Release|Any CPU
		{DBDC89F2-8CAE-471D-8C90-BF00A3056540}.Debug|Any CPU.ActiveCfg = Debug|Any CPU
		{DBDC89F2-8CAE-471D-8C90-BF00A3056540}.Debug|Any CPU.Build.0 = Debug|Any CPU
		{DBDC89F2-8CAE-471D-8C90-BF00A3056540}.Release|Any CPU.ActiveCfg = Release|Any CPU
		{DBDC89F2-8CAE-471D-8C90-BF00A3056540}.Release|Any CPU.Build.0 = Release|Any CPU
	EndGlobalSection
	GlobalSection(SolutionProperties) = preSolution
		HideSolutionNode = FALSE
	EndGlobalSection
	GlobalSection(ExtensibilityGlobals) = postSolution
		SolutionGuid = {68ACEE16-375F-4291-929E-50CAFFBA0467}
	EndGlobalSection
EndGlobal
